
Microsoft Visual Studio Solution File, Format Version 12.00
# Visual Studio 15
VisualStudioVersion = 15.0.28307.489
MinimumVisualStudioVersion = 10.0.40219.1
Project("{FAE04EC0-301F-11D3-BF4B-00C04F79EFBC}") = "VS Chinese Codec fix1", "VS中文乱码修复1\VS Chinese Codec fix1.csproj", "{0195ED68-7FEC-4758-9CED-C72CCE865146}"
EndProject
Global
	GlobalSection(SolutionConfigurationPlatforms) = preSolution
		Debug|Any CPU = Debug|Any CPU
		Release|Any CPU = Release|Any CPU
	EndGlobalSection
	GlobalSection(ProjectConfigurationPlatforms) = postSolution
		{0195ED68-7FEC-4758-9CED-C72CCE865146}.Debug|Any CPU.ActiveCfg = Debug|Any CPU
		{0195ED68-7FEC-4758-9CED-C72CCE865146}.Debug|Any CPU.Build.0 = Debug|Any CPU
		{0195ED68-7FEC-4758-9CED-C72CCE865146}.Release|Any CPU.ActiveCfg = Release|Any CPU
		{0195ED68-7FEC-4758-9CED-C72CCE865146}.Release|Any CPU.Build.0 = Release|Any CPU
	EndGlobalSection
	GlobalSection(SolutionProperties) = preSolution
		HideSolutionNode = FALSE
	EndGlobalSection
	GlobalSection(ExtensibilityGlobals) = postSolution
		SolutionGuid = {236F0AD2-9E64-4771-B42D-DFA48BB9F7C9}
	EndGlobalSection
EndGlobal
